
Microsoft Visual Studio Solution File, Format Version 12.00
# Visual Studio Version 17
VisualStudioVersion = 17.3.32825.248
MinimumVisualStudioVersion = 10.0.40219.1
Project("{FAE04EC0-301F-11D3-BF4B-00C04F79EFBC}") = "FIT5032_MyViewModel", "FIT5032_MyViewModel\FIT5032_MyViewModel.csproj", "{BBA3576F-A932-4752-98A0-85D4DC5B83D8}"
EndProject
Global
	GlobalSection(SolutionConfigurationPlatforms) = preSolution
		Debug|Any CPU = Debug|Any CPU
		Release|Any CPU = Release|Any CPU
	EndGlobalSection
	GlobalSection(ProjectConfigurationPlatforms) = postSolution
		{BBA3576F-A932-4752-98A0-85D4DC5B83D8}.Debug|Any CPU.ActiveCfg = Debug|Any CPU
		{BBA3576F-A932-4752-98A0-85D4DC5B83D8}.Debug|Any CPU.Build.0 = Debug|Any CPU
		{BBA3576F-A932-4752-98A0-85D4DC5B83D8}.Release|Any CPU.ActiveCfg = Release|Any CPU
		{BBA3576F-A932-4752-98A0-85D4DC5B83D8}.Release|Any CPU.Build.0 = Release|Any CPU
	EndGlobalSection
	GlobalSection(SolutionProperties) = preSolution
		HideSolutionNode = FALSE
	EndGlobalSection
	GlobalSection(ExtensibilityGlobals) = postSolution
		SolutionGuid = {92A29DC2-0318-42EF-995F-EA4F16C22991}
	EndGlobalSection
EndGlobal
