
Microsoft Visual Studio Solution File, Format Version 12.00
# Visual Studio Version 17
VisualStudioVersion = 17.2.32630.192
MinimumVisualStudioVersion = 10.0.40219.1
Project("{FAE04EC0-301F-11D3-BF4B-00C04F79EFBC}") = "FIT5032_W02MyDBFirst", "FIT5032_W02MyDBFirst\FIT5032_W02MyDBFirst.csproj", "{B3B79592-93E0-45B1-B5D3-57C033896B00}"
EndProject
Global
	GlobalSection(SolutionConfigurationPlatforms) = preSolution
		Debug|Any CPU = Debug|Any CPU
		Release|Any CPU = Release|Any CPU
	EndGlobalSection
	GlobalSection(ProjectConfigurationPlatforms) = postSolution
		{B3B79592-93E0-45B1-B5D3-57C033896B00}.Debug|Any CPU.ActiveCfg = Debug|Any CPU
		{B3B79592-93E0-45B1-B5D3-57C033896B00}.Debug|Any CPU.Build.0 = Debug|Any CPU
		{B3B79592-93E0-45B1-B5D3-57C033896B00}.Release|Any CPU.ActiveCfg = Release|Any CPU
		{B3B79592-93E0-45B1-B5D3-57C033896B00}.Release|Any CPU.Build.0 = Release|Any CPU
	EndGlobalSection
	GlobalSection(SolutionProperties) = preSolution
		HideSolutionNode = FALSE
	EndGlobalSection
	GlobalSection(ExtensibilityGlobals) = postSolution
		SolutionGuid = {428C73C1-A4F6-4CDE-8C15-7762014B3F72}
	EndGlobalSection
EndGlobal
