
Microsoft Visual Studio Solution File, Format Version 12.00
# Visual Studio Version 17
VisualStudioVersion = 17.3.32901.215
MinimumVisualStudioVersion = 10.0.40219.1
Project("{FAE04EC0-301F-11D3-BF4B-00C04F79EFBC}") = "FIT5032_FirstCoreApp", "FIT5032_FirstCoreApp\FIT5032_FirstCoreApp.csproj", "{F2874A34-1B64-46E2-877F-202C5767D5DF}"
EndProject
Global
	GlobalSection(SolutionConfigurationPlatforms) = preSolution
		Debug|Any CPU = Debug|Any CPU
		Release|Any CPU = Release|Any CPU
	EndGlobalSection
	GlobalSection(ProjectConfigurationPlatforms) = postSolution
		{F2874A34-1B64-46E2-877F-202C5767D5DF}.Debug|Any CPU.ActiveCfg = Debug|Any CPU
		{F2874A34-1B64-46E2-877F-202C5767D5DF}.Debug|Any CPU.Build.0 = Debug|Any CPU
		{F2874A34-1B64-46E2-877F-202C5767D5DF}.Release|Any CPU.ActiveCfg = Release|Any CPU
		{F2874A34-1B64-46E2-877F-202C5767D5DF}.Release|Any CPU.Build.0 = Release|Any CPU
	EndGlobalSection
	GlobalSection(SolutionProperties) = preSolution
		HideSolutionNode = FALSE
	EndGlobalSection
	GlobalSection(ExtensibilityGlobals) = postSolution
		SolutionGuid = {817D814A-D956-4A8B-BB1C-8FFBCA036442}
	EndGlobalSection
EndGlobal
