
Microsoft Visual Studio Solution File, Format Version 12.00
# Visual Studio Version 17
VisualStudioVersion = 17.3.32825.248
MinimumVisualStudioVersion = 10.0.40219.1
Project("{FAE04EC0-301F-11D3-BF4B-00C04F79EFBC}") = "NiceNeighbourPharmacy", "NiceNeighbourPharmacy\NiceNeighbourPharmacy.csproj", "{C5AF924D-D0D4-4C68-ADE6-881FF442335D}"
EndProject
Project("{FAE04EC0-301F-11D3-BF4B-00C04F79EFBC}") = "NiceNeighbourPharmacy.Tests", "NiceNeighbourPharmacy.Tests\NiceNeighbourPharmacy.Tests.csproj", "{6704D0A0-809F-4E83-B320-D1F79D659739}"
EndProject
Global
	GlobalSection(SolutionConfigurationPlatforms) = preSolution
		Debug|Any CPU = Debug|Any CPU
		Release|Any CPU = Release|Any CPU
	EndGlobalSection
	GlobalSection(ProjectConfigurationPlatforms) = postSolution
		{C5AF924D-D0D4-4C68-ADE6-881FF442335D}.Debug|Any CPU.ActiveCfg = Debug|Any CPU
		{C5AF924D-D0D4-4C68-ADE6-881FF442335D}.Debug|Any CPU.Build.0 = Debug|Any CPU
		{C5AF924D-D0D4-4C68-ADE6-881FF442335D}.Release|Any CPU.ActiveCfg = Release|Any CPU
		{C5AF924D-D0D4-4C68-ADE6-881FF442335D}.Release|Any CPU.Build.0 = Release|Any CPU
		{6704D0A0-809F-4E83-B320-D1F79D659739}.Debug|Any CPU.ActiveCfg = Debug|Any CPU
		{6704D0A0-809F-4E83-B320-D1F79D659739}.Debug|Any CPU.Build.0 = Debug|Any CPU
		{6704D0A0-809F-4E83-B320-D1F79D659739}.Release|Any CPU.ActiveCfg = Release|Any CPU
		{6704D0A0-809F-4E83-B320-D1F79D659739}.Release|Any CPU.Build.0 = Release|Any CPU
	EndGlobalSection
	GlobalSection(SolutionProperties) = preSolution
		HideSolutionNode = FALSE
	EndGlobalSection
	GlobalSection(ExtensibilityGlobals) = postSolution
		SolutionGuid = {C8013931-2EA3-475D-A69F-BF48ACE59405}
	EndGlobalSection
EndGlobal
