
Microsoft Visual Studio Solution File, Format Version 12.00
# Visual Studio Version 17
VisualStudioVersion = 17.2.32630.192
MinimumVisualStudioVersion = 10.0.40219.1
Project("{FAE04EC0-301F-11D3-BF4B-00C04F79EFBC}") = "FIT5032_MyCodeSnippet", "FIT5032_MyCodeSnippet\FIT5032_MyCodeSnippet.csproj", "{34371BEE-0ECD-42EB-93EC-BDABEE7E2634}"
EndProject
Global
	GlobalSection(SolutionConfigurationPlatforms) = preSolution
		Debug|Any CPU = Debug|Any CPU
		Release|Any CPU = Release|Any CPU
	EndGlobalSection
	GlobalSection(ProjectConfigurationPlatforms) = postSolution
		{34371BEE-0ECD-42EB-93EC-BDABEE7E2634}.Debug|Any CPU.ActiveCfg = Debug|Any CPU
		{34371BEE-0ECD-42EB-93EC-BDABEE7E2634}.Debug|Any CPU.Build.0 = Debug|Any CPU
		{34371BEE-0ECD-42EB-93EC-BDABEE7E2634}.Release|Any CPU.ActiveCfg = Release|Any CPU
		{34371BEE-0ECD-42EB-93EC-BDABEE7E2634}.Release|Any CPU.Build.0 = Release|Any CPU
	EndGlobalSection
	GlobalSection(SolutionProperties) = preSolution
		HideSolutionNode = FALSE
	EndGlobalSection
	GlobalSection(ExtensibilityGlobals) = postSolution
		SolutionGuid = {D038AB9C-F6CB-45A8-8876-E4FD30B904AC}
	EndGlobalSection
EndGlobal
